// !$*UTF8*$!
{
	archiveVersion = 1;
	classes = {
	};
	objectVersion = 50;
	objects = {

/* Begin PBXBuildFile section */
		8489478A2681C3080047B3BB /* AppDelegate.swift in Sources */ = {isa = PBXBuildFile; fileRef = 848947892681C3080047B3BB /* AppDelegate.swift */; };
		8489478C2681C3080047B3BB /* SceneDelegate.swift in Sources */ = {isa = PBXBuildFile; fileRef = 8489478B2681C3080047B3BB /* SceneDelegate.swift */; };
		8489478E2681C3080047B3BB /* PlayingCardVC.swift in Sources */ = {isa = PBXBuildFile; fileRef = 8489478D2681C3080047B3BB /* PlayingCardVC.swift */; };
		848947912681C3080047B3BB /* Main.storyboard in Resources */ = {isa = PBXBuildFile; fileRef = 8489478F2681C3080047B3BB /* Main.storyboard */; };
		848947932681C30F0047B3BB /* Assets.xcassets in Resources */ = {isa = PBXBuildFile; fileRef = 848947922681C30F0047B3BB /* Assets.xcassets */; };
		848947962681C30F0047B3BB /* LaunchScreen.storyboard in Resources */ = {isa = PBXBuildFile; fileRef = 848947942681C30F0047B3BB /* LaunchScreen.storyboard */; };
		848947A12681C4DF0047B3BB /* PlayingCardView.swift in Sources */ = {isa = PBXBuildFile; fileRef = 848947A02681C4DF0047B3BB /* PlayingCardView.swift */; };
		848947A42681C4F50047B3BB /* PlayingCard.swift in Sources */ = {isa = PBXBuildFile; fileRef = 848947A32681C4F50047B3BB /* PlayingCard.swift */; };
		848947A82681C50B0047B3BB /* PlayingCardDeck.swift in Sources */ = {isa = PBXBuildFile; fileRef = 848947A72681C50B0047B3BB /* PlayingCardDeck.swift */; };
/* End PBXBuildFile section */

/* Begin PBXFileReference section */
		848947862681C3080047B3BB /* AnimationCards.app */ = {isa = PBXFileReference; explicitFileType = wrapper.application; includeInIndex = 0; path = AnimationCards.app; sourceTree = BUILT_PRODUCTS_DIR; };
		848947892681C3080047B3BB /* AppDelegate.swift */ = {isa = PBXFileReference; lastKnownFileType = sourcecode.swift; path = AppDelegate.swift; sourceTree = "<group>"; };
		8489478B2681C3080047B3BB /* SceneDelegate.swift */ = {isa = PBXFileReference; lastKnownFileType = sourcecode.swift; path = SceneDelegate.swift; sourceTree = "<group>"; };
		8489478D2681C3080047B3BB /* PlayingCardVC.swift */ = {isa = PBXFileReference; lastKnownFileType = sourcecode.swift; path = PlayingCardVC.swift; sourceTree = "<group>"; };
		848947902681C3080047B3BB /* Base */ = {isa = PBXFileReference; lastKnownFileType = file.storyboard; name = Base; path = Base.lproj/Main.storyboard; sourceTree = "<group>"; };
		848947922681C30F0047B3BB /* Assets.xcassets */ = {isa = PBXFileReference; lastKnownFileType = folder.assetcatalog; path = Assets.xcassets; sourceTree = "<group>"; };
		848947952681C30F0047B3BB /* Base */ = {isa = PBXFileReference; lastKnownFileType = file.storyboard; name = Base; path = Base.lproj/LaunchScreen.storyboard; sourceTree = "<group>"; };
		848947972681C30F0047B3BB /* Info.plist */ = {isa = PBXFileReference; lastKnownFileType = text.plist.xml; path = Info.plist; sourceTree = "<group>"; };
		848947A02681C4DF0047B3BB /* PlayingCardView.swift */ = {isa = PBXFileReference; lastKnownFileType = sourcecode.swift; path = PlayingCardView.swift; sourceTree = "<group>"; };
		848947A32681C4F50047B3BB /* PlayingCard.swift */ = {isa = PBXFileReference; lastKnownFileType = sourcecode.swift; path = PlayingCard.swift; sourceTree = "<group>"; };
		848947A72681C50B0047B3BB /* PlayingCardDeck.swift */ = {isa = PBXFileReference; lastKnownFileType = sourcecode.swift; path = PlayingCardDeck.swift; sourceTree = "<group>"; };
/* End PBXFileReference section */

/* Begin PBXFrameworksBuildPhase section */
		848947832681C3080047B3BB /* Frameworks */ = {
			isa = PBXFrameworksBuildPhase;
			buildActionMask = 2147483647;
			files = (
			);
			runOnlyForDeploymentPostprocessing = 0;
		};
/* End PBXFrameworksBuildPhase section */

/* Begin PBXGroup section */
		8489477D2681C3080047B3BB = {
			isa = PBXGroup;
			children = (
				848947882681C3080047B3BB /* AnimationCards */,
				848947872681C3080047B3BB /* Products */,
			);
			sourceTree = "<group>";
		};
		848947872681C3080047B3BB /* Products */ = {
			isa = PBXGroup;
			children = (
				848947862681C3080047B3BB /* AnimationCards.app */,
			);
			name = Products;
			sourceTree = "<group>";
		};
		848947882681C3080047B3BB /* AnimationCards */ = {
			isa = PBXGroup;
			children = (
				8489478D2681C3080047B3BB /* PlayingCardVC.swift */,
				848947A02681C4DF0047B3BB /* PlayingCardView.swift */,
				8489478F2681C3080047B3BB /* Main.storyboard */,
				848947A32681C4F50047B3BB /* PlayingCard.swift */,
				848947A72681C50B0047B3BB /* PlayingCardDeck.swift */,
				848947922681C30F0047B3BB /* Assets.xcassets */,
				8489479E2681C3570047B3BB /* Supporting Files */,
				848947972681C30F0047B3BB /* Info.plist */,
			);
			path = AnimationCards;
			sourceTree = "<group>";
		};
		8489479E2681C3570047B3BB /* Supporting Files */ = {
			isa = PBXGroup;
			children = (
				848947892681C3080047B3BB /* AppDelegate.swift */,
				8489478B2681C3080047B3BB /* SceneDelegate.swift */,
				848947942681C30F0047B3BB /* LaunchScreen.storyboard */,
			);
			path = "Supporting Files";
			sourceTree = "<group>";
		};
/* End PBXGroup section */

/* Begin PBXNativeTarget section */
		848947852681C3080047B3BB /* AnimationCards */ = {
			isa = PBXNativeTarget;
			buildConfigurationList = 8489479A2681C30F0047B3BB /* Build configuration list for PBXNativeTarget "AnimationCards" */;
			buildPhases = (
				848947822681C3080047B3BB /* Sources */,
				848947832681C3080047B3BB /* Frameworks */,
				848947842681C3080047B3BB /* Resources */,
			);
			buildRules = (
			);
			dependencies = (
			);
			name = AnimationCards;
			productName = AnimationCards;
			productReference = 848947862681C3080047B3BB /* AnimationCards.app */;
			productType = "com.apple.product-type.application";
		};
/* End PBXNativeTarget section */

/* Begin PBXProject section */
		8489477E2681C3080047B3BB /* Project object */ = {
			isa = PBXProject;
			attributes = {
				LastSwiftUpdateCheck = 1240;
				LastUpgradeCheck = 1240;
				ORGANIZATIONNAME = "Siarhei Sakolkin";
				TargetAttributes = {
					848947852681C3080047B3BB = {
						CreatedOnToolsVersion = 12.4;
					};
				};
			};
			buildConfigurationList = 848947812681C3080047B3BB /* Build configuration list for PBXProject "AnimationCards" */;
			compatibilityVersion = "Xcode 9.3";
			developmentRegion = en;
			hasScannedForEncodings = 0;
			knownRegions = (
				en,
				Base,
			);
			mainGroup = 8489477D2681C3080047B3BB;
			productRefGroup = 848947872681C3080047B3BB /* Products */;
			projectDirPath = "";
			projectRoot = "";
			targets = (
				848947852681C3080047B3BB /* AnimationCards */,
			);
		};
/* End PBXProject section */

/* Begin PBXResourcesBuildPhase section */
		848947842681C3080047B3BB /* Resources */ = {
			isa = PBXResourcesBuildPhase;
			buildActionMask = 2147483647;
			files = (
				848947962681C30F0047B3BB /* LaunchScreen.storyboard in Resources */,
				848947932681C30F0047B3BB /* Assets.xcassets in Resources */,
				848947912681C3080047B3BB /* Main.storyboard in Resources */,
			);
			runOnlyForDeploymentPostprocessing = 0;
		};
/* End PBXResourcesBuildPhase section */

/* Begin PBXSourcesBuildPhase section */
		848947822681C3080047B3BB /* Sources */ = {
			isa = PBXSourcesBuildPhase;
			buildActionMask = 2147483647;
			files = (
				848947A42681C4F50047B3BB /* PlayingCard.swift in Sources */,
				8489478E2681C3080047B3BB /* PlayingCardVC.swift in Sources */,
				848947A12681C4DF0047B3BB /* PlayingCardView.swift in Sources */,
				848947A82681C50B0047B3BB /* PlayingCardDeck.swift in Sources */,
				8489478A2681C3080047B3BB /* AppDelegate.swift in Sources */,
				8489478C2681C3080047B3BB /* SceneDelegate.swift in Sources */,
			);
			runOnlyForDeploymentPostprocessing = 0;
		};
/* End PBXSourcesBuildPhase section */

/* Begin PBXVariantGroup section */
		8489478F2681C3080047B3BB /* Main.storyboard */ = {
			isa = PBXVariantGroup;
			children = (
				848947902681C3080047B3BB /* Base */,
			);
			name = Main.storyboard;
			sourceTree = "<group>";
		};
		848947942681C30F0047B3BB /* LaunchScreen.storyboard */ = {
			isa = PBXVariantGroup;
			children = (
				848947952681C30F0047B3BB /* Base */,
			);
			name = LaunchScreen.storyboard;
			sourceTree = "<group>";
		};
/* End PBXVariantGroup section */

/* Begin XCBuildConfiguration section */
		848947982681C30F0047B3BB /* Debug */ = {
			isa = XCBuildConfiguration;
			buildSettings = {
				ALWAYS_SEARCH_USER_PATHS = NO;
				CLANG_ANALYZER_NONNULL = YES;
				CLANG_ANALYZER_NUMBER_OBJECT_CONVERSION = YES_AGGRESSIVE;
				CLANG_CXX_LANGUAGE_STANDARD = "gnu++14";
				CLANG_CXX_LIBRARY = "libc++";
				CLANG_ENABLE_MODULES = YES;
				CLANG_ENABLE_OBJC_ARC = YES;
				CLANG_ENABLE_OBJC_WEAK = YES;
				CLANG_WARN_BLOCK_CAPTURE_AUTORELEASING = YES;
				CLANG_WARN_BOOL_CONVERSION = YES;
				CLANG_WARN_COMMA = YES;
				CLANG_WARN_CONSTANT_CONVERSION = YES;
				CLANG_WARN_DEPRECATED_OBJC_IMPLEMENTATIONS = YES;
				CLANG_WARN_DIRECT_OBJC_ISA_USAGE = YES_ERROR;
				CLANG_WARN_DOCUMENTATION_COMMENTS = YES;
				CLANG_WARN_EMPTY_BODY = YES;
				CLANG_WARN_ENUM_CONVERSION = YES;
				CLANG_WARN_INFINITE_RECURSION = YES;
				CLANG_WARN_INT_CONVERSION = YES;
				CLANG_WARN_NON_LITERAL_NULL_CONVERSION = YES;
				CLANG_WARN_OBJC_IMPLICIT_RETAIN_SELF = YES;
				CLANG_WARN_OBJC_LITERAL_CONVERSION = YES;
				CLANG_WARN_OBJC_ROOT_CLASS = YES_ERROR;
				CLANG_WARN_QUOTED_INCLUDE_IN_FRAMEWORK_HEADER = YES;
				CLANG_WARN_RANGE_LOOP_ANALYSIS = YES;
				CLANG_WARN_STRICT_PROTOTYPES = YES;
				CLANG_WARN_SUSPICIOUS_MOVE = YES;
				CLANG_WARN_UNGUARDED_AVAILABILITY = YES_AGGRESSIVE;
				CLANG_WARN_UNREACHABLE_CODE = YES;
				CLANG_WARN__DUPLICATE_METHOD_MATCH = YES;
				COPY_PHASE_STRIP = NO;
				DEBUG_INFORMATION_FORMAT = dwarf;
				ENABLE_STRICT_OBJC_MSGSEND = YES;
				ENABLE_TESTABILITY = YES;
				GCC_C_LANGUAGE_STANDARD = gnu11;
				GCC_DYNAMIC_NO_PIC = NO;
				GCC_NO_COMMON_BLOCKS = YES;
				GCC_OPTIMIZATION_LEVEL = 0;
				GCC_PREPROCESSOR_DEFINITIONS = (
					"DEBUG=1",
					"$(inherited)",
				);
				GCC_WARN_64_TO_32_BIT_CONVERSION = YES;
				GCC_WARN_ABOUT_RETURN_TYPE = YES_ERROR;
				GCC_WARN_UNDECLARED_SELECTOR = YES;
				GCC_WARN_UNINITIALIZED_AUTOS = YES_AGGRESSIVE;
				GCC_WARN_UNUSED_FUNCTION = YES;
				GCC_WARN_UNUSED_VARIABLE = YES;
				IPHONEOS_DEPLOYMENT_TARGET = 14.4;
				MTL_ENABLE_DEBUG_INFO = INCLUDE_SOURCE;
				MTL_FAST_MATH = YES;
				ONLY_ACTIVE_ARCH = YES;
				SDKROOT = iphoneos;
				SWIFT_ACTIVE_COMPILATION_CONDITIONS = DEBUG;
				SWIFT_OPTIMIZATION_LEVEL = "-Onone";
			};
			name = Debug;
		};
		848947992681C30F0047B3BB /* Release */ = {
			isa = XCBuildConfiguration;
			buildSettings = {
				ALWAYS_SEARCH_USER_PATHS = NO;
				CLANG_ANALYZER_NONNULL = YES;
				CLANG_ANALYZER_NUMBER_OBJECT_CONVERSION = YES_AGGRESSIVE;
				CLANG_CXX_LANGUAGE_STANDARD = "gnu++14";
				CLANG_CXX_LIBRARY = "libc++";
				CLANG_ENABLE_MODULES = YES;
				CLANG_ENABLE_OBJC_ARC = YES;
				CLANG_ENABLE_OBJC_WEAK = YES;
				CLANG_WARN_BLOCK_CAPTURE_AUTORELEASING = YES;
				CLANG_WARN_BOOL_CONVERSION = YES;
				CLANG_WARN_COMMA = YES;
				CLANG_WARN_CONSTANT_CONVERSION = YES;
				CLANG_WARN_DEPRECATED_OBJC_IMPLEMENTATIONS = YES;
				CLANG_WARN_DIRECT_OBJC_ISA_USAGE = YES_ERROR;
				CLANG_WARN_DOCUMENTATION_COMMENTS = YES;
				CLANG_WARN_EMPTY_BODY = YES;
				CLANG_WARN_ENUM_CONVERSION = YES;
				CLANG_WARN_INFINITE_RECURSION = YES;
				CLANG_WARN_INT_CONVERSION = YES;
				CLANG_WARN_NON_LITERAL_NULL_CONVERSION = YES;
				CLANG_WARN_OBJC_IMPLICIT_RETAIN_SELF = YES;
				CLANG_WARN_OBJC_LITERAL_CONVERSION = YES;
				CLANG_WARN_OBJC_ROOT_CLASS = YES_ERROR;
				CLANG_WARN_QUOTED_INCLUDE_IN_FRAMEWORK_HEADER = YES;
				CLANG_WARN_RANGE_LOOP_ANALYSIS = YES;
				CLANG_WARN_STRICT_PROTOTYPES = YES;
				CLANG_WARN_SUSPICIOUS_MOVE = YES;
				CLANG_WARN_UNGUARDED_AVAILABILITY = YES_AGGRESSIVE;
				CLANG_WARN_UNREACHABLE_CODE = YES;
				CLANG_WARN__DUPLICATE_METHOD_MATCH = YES;
				COPY_PHASE_STRIP = NO;
				DEBUG_INFORMATION_FORMAT = "dwarf-with-dsym";
				ENABLE_NS_ASSERTIONS = NO;
				ENABLE_STRICT_OBJC_MSGSEND = YES;
				GCC_C_LANGUAGE_STANDARD = gnu11;
				GCC_NO_COMMON_BLOCKS = YES;
				GCC_WARN_64_TO_32_BIT_CONVERSION = YES;
				GCC_WARN_ABOUT_RETURN_TYPE = YES_ERROR;
				GCC_WARN_UNDECLARED_SELECTOR = YES;
				GCC_WARN_UNINITIALIZED_AUTOS = YES_AGGRESSIVE;
				GCC_WARN_UNUSED_FUNCTION = YES;
				GCC_WARN_UNUSED_VARIABLE = YES;
				IPHONEOS_DEPLOYMENT_TARGET = 14.4;
				MTL_ENABLE_DEBUG_INFO = NO;
				MTL_FAST_MATH = YES;
				SDKROOT = iphoneos;
				SWIFT_COMPILATION_MODE = wholemodule;
				SWIFT_OPTIMIZATION_LEVEL = "-O";
				VALIDATE_PRODUCT = YES;
			};
			name = Release;
		};
		8489479B2681C30F0047B3BB /* Debug */ = {
			isa = XCBuildConfiguration;
			buildSettings = {
				ASSETCATALOG_COMPILER_APPICON_NAME = AppIcon;
				ASSETCATALOG_COMPILER_GLOBAL_ACCENT_COLOR_NAME = AccentColor;
				CODE_SIGN_STYLE = Automatic;
				DEVELOPMENT_TEAM = 3FCLAQVBB9;
				INFOPLIST_FILE = AnimationCards/Info.plist;
				LD_RUNPATH_SEARCH_PATHS = (
					"$(inherited)",
					"@executable_path/Frameworks",
				);
				PRODUCT_BUNDLE_IDENTIFIER = sokol.AnimationCards;
				PRODUCT_NAME = "$(TARGET_NAME)";
				SWIFT_VERSION = 5.0;
				TARGETED_DEVICE_FAMILY = "1,2";
			};
			name = Debug;
		};
		8489479C2681C30F0047B3BB /* Release */ = {
			isa = XCBuildConfiguration;
			buildSettings = {
				ASSETCATALOG_COMPILER_APPICON_NAME = AppIcon;
				ASSETCATALOG_COMPILER_GLOBAL_ACCENT_COLOR_NAME = AccentColor;
				CODE_SIGN_STYLE = Automatic;
				DEVELOPMENT_TEAM = 3FCLAQVBB9;
				INFOPLIST_FILE = AnimationCards/Info.plist;
				LD_RUNPATH_SEARCH_PATHS = (
					"$(inherited)",
					"@executable_path/Frameworks",
				);
				PRODUCT_BUNDLE_IDENTIFIER = sokol.AnimationCards;
				PRODUCT_NAME = "$(TARGET_NAME)";
				SWIFT_VERSION = 5.0;
				TARGETED_DEVICE_FAMILY = "1,2";
			};
			name = Release;
		};
/* End XCBuildConfiguration section */

/* Begin XCConfigurationList section */
		848947812681C3080047B3BB /* Build configuration list for PBXProject "AnimationCards" */ = {
			isa = XCConfigurationList;
			buildConfigurations = (
				848947982681C30F0047B3BB /* Debug */,
				848947992681C30F0047B3BB /* Release */,
			);
			defaultConfigurationIsVisible = 0;
			defaultConfigurationName = Release;
		};
		8489479A2681C30F0047B3BB /* Build configuration list for PBXNativeTarget "AnimationCards" */ = {
			isa = XCConfigurationList;
			buildConfigurations = (
				8489479B2681C30F0047B3BB /* Debug */,
				8489479C2681C30F0047B3BB /* Release */,
			);
			defaultConfigurationIsVisible = 0;
			defaultConfigurationName = Release;
		};
/* End XCConfigurationList section */
	};
	rootObject = 8489477E2681C3080047B3BB /* Project object */;
}
